// !$*UTF8*$!
{
	archiveVersion = 1;
	classes = {
	};
	objectVersion = 56;
	objects = {

/* Begin PBXBuildFile section */
		7D8016AD2A82EF1400613A43 /* authViewModel.swift in Sources */ = {isa = PBXBuildFile; fileRef = 7D8016AC2A82EF1400613A43 /* authViewModel.swift */; };
		7D8016B02A830C2C00613A43 /* FirebaseAnalytics in Frameworks */ = {isa = PBXBuildFile; productRef = 7D8016AF2A830C2C00613A43 /* FirebaseAnalytics */; };
		7D8016B22A830C2C00613A43 /* FirebaseAnalyticsOnDeviceConversion in Frameworks */ = {isa = PBXBuildFile; productRef = 7D8016B12A830C2C00613A43 /* FirebaseAnalyticsOnDeviceConversion */; };
		7D8016B42A830C2C00613A43 /* FirebaseAnalyticsSwift in Frameworks */ = {isa = PBXBuildFile; productRef = 7D8016B32A830C2C00613A43 /* FirebaseAnalyticsSwift */; };
		7D8016B62A830C2C00613A43 /* FirebaseAppCheck in Frameworks */ = {isa = PBXBuildFile; productRef = 7D8016B52A830C2C00613A43 /* FirebaseAppCheck */; };
		7D8016B82A830C2C00613A43 /* FirebaseAppDistribution-Beta in Frameworks */ = {isa = PBXBuildFile; productRef = 7D8016B72A830C2C00613A43 /* FirebaseAppDistribution-Beta */; };
		7D8016BA2A830C2C00613A43 /* FirebaseAuth in Frameworks */ = {isa = PBXBuildFile; productRef = 7D8016B92A830C2C00613A43 /* FirebaseAuth */; };
		7D8016BC2A830C2C00613A43 /* FirebaseAuthCombine-Community in Frameworks */ = {isa = PBXBuildFile; productRef = 7D8016BB2A830C2C00613A43 /* FirebaseAuthCombine-Community */; };
		7D8016BE2A830C2C00613A43 /* FirebaseCrashlytics in Frameworks */ = {isa = PBXBuildFile; productRef = 7D8016BD2A830C2C00613A43 /* FirebaseCrashlytics */; };
		7D8016C02A830C2C00613A43 /* FirebaseDatabase in Frameworks */ = {isa = PBXBuildFile; productRef = 7D8016BF2A830C2C00613A43 /* FirebaseDatabase */; };
		7D8016C22A830C2C00613A43 /* FirebaseDatabaseSwift in Frameworks */ = {isa = PBXBuildFile; productRef = 7D8016C12A830C2C00613A43 /* FirebaseDatabaseSwift */; };
		7D8016C42A830C2C00613A43 /* FirebaseDynamicLinks in Frameworks */ = {isa = PBXBuildFile; productRef = 7D8016C32A830C2C00613A43 /* FirebaseDynamicLinks */; };
		7D8016C62A830C2C00613A43 /* FirebaseFirestore in Frameworks */ = {isa = PBXBuildFile; productRef = 7D8016C52A830C2C00613A43 /* FirebaseFirestore */; };
		7D8016C82A830C2D00613A43 /* FirebaseFirestoreCombine-Community in Frameworks */ = {isa = PBXBuildFile; productRef = 7D8016C72A830C2D00613A43 /* FirebaseFirestoreCombine-Community */; };
		7D8016CA2A830C2D00613A43 /* FirebaseFirestoreSwift in Frameworks */ = {isa = PBXBuildFile; productRef = 7D8016C92A830C2D00613A43 /* FirebaseFirestoreSwift */; };
		7D8016CC2A830C2D00613A43 /* FirebaseFunctions in Frameworks */ = {isa = PBXBuildFile; productRef = 7D8016CB2A830C2D00613A43 /* FirebaseFunctions */; };
		7D8016CE2A830C2D00613A43 /* FirebaseFunctionsCombine-Community in Frameworks */ = {isa = PBXBuildFile; productRef = 7D8016CD2A830C2D00613A43 /* FirebaseFunctionsCombine-Community */; };
		7D8016D02A830C2D00613A43 /* FirebaseInAppMessaging-Beta in Frameworks */ = {isa = PBXBuildFile; productRef = 7D8016CF2A830C2D00613A43 /* FirebaseInAppMessaging-Beta */; };
		7D8016D22A830C2D00613A43 /* FirebaseInAppMessagingSwift-Beta in Frameworks */ = {isa = PBXBuildFile; productRef = 7D8016D12A830C2D00613A43 /* FirebaseInAppMessagingSwift-Beta */; };
		7D8016D42A830C2D00613A43 /* FirebaseInstallations in Frameworks */ = {isa = PBXBuildFile; productRef = 7D8016D32A830C2D00613A43 /* FirebaseInstallations */; };
		7D8016D62A830C2D00613A43 /* FirebaseMLModelDownloader in Frameworks */ = {isa = PBXBuildFile; productRef = 7D8016D52A830C2D00613A43 /* FirebaseMLModelDownloader */; };
		7D8016D82A830C2D00613A43 /* FirebaseMessaging in Frameworks */ = {isa = PBXBuildFile; productRef = 7D8016D72A830C2D00613A43 /* FirebaseMessaging */; };
		7D8016DA2A830C2D00613A43 /* FirebasePerformance in Frameworks */ = {isa = PBXBuildFile; productRef = 7D8016D92A830C2D00613A43 /* FirebasePerformance */; };
		7D8016DC2A830C2D00613A43 /* FirebaseRemoteConfig in Frameworks */ = {isa = PBXBuildFile; productRef = 7D8016DB2A830C2D00613A43 /* FirebaseRemoteConfig */; };
		7D8016DE2A830C2E00613A43 /* FirebaseRemoteConfigSwift in Frameworks */ = {isa = PBXBuildFile; productRef = 7D8016DD2A830C2E00613A43 /* FirebaseRemoteConfigSwift */; };
		7D8016E02A830C2E00613A43 /* FirebaseStorage in Frameworks */ = {isa = PBXBuildFile; productRef = 7D8016DF2A830C2E00613A43 /* FirebaseStorage */; };
		7D8016E22A830C2E00613A43 /* FirebaseStorageCombine-Community in Frameworks */ = {isa = PBXBuildFile; productRef = 7D8016E12A830C2E00613A43 /* FirebaseStorageCombine-Community */; };
		7DDBD8E02A7BE3180058CFFD /* booknookApp.swift in Sources */ = {isa = PBXBuildFile; fileRef = 7DDBD8DF2A7BE3180058CFFD /* booknookApp.swift */; };
		7DDBD8E22A7BE3180058CFFD /* ContentView.swift in Sources */ = {isa = PBXBuildFile; fileRef = 7DDBD8E12A7BE3180058CFFD /* ContentView.swift */; };
		7DDBD8E42A7BE3190058CFFD /* Assets.xcassets in Resources */ = {isa = PBXBuildFile; fileRef = 7DDBD8E32A7BE3190058CFFD /* Assets.xcassets */; };
		7DDBD8E82A7BE3190058CFFD /* Preview Assets.xcassets in Resources */ = {isa = PBXBuildFile; fileRef = 7DDBD8E72A7BE3190058CFFD /* Preview Assets.xcassets */; };
		7DDBD8F22A7BE3190058CFFD /* booknookTests.swift in Sources */ = {isa = PBXBuildFile; fileRef = 7DDBD8F12A7BE3190058CFFD /* booknookTests.swift */; };
		7DDBD8FC2A7BE3190058CFFD /* booknookUITests.swift in Sources */ = {isa = PBXBuildFile; fileRef = 7DDBD8FB2A7BE3190058CFFD /* booknookUITests.swift */; };
		7DDBD8FE2A7BE3190058CFFD /* booknookUITestsLaunchTests.swift in Sources */ = {isa = PBXBuildFile; fileRef = 7DDBD8FD2A7BE3190058CFFD /* booknookUITestsLaunchTests.swift */; };
		7DDBD9122A8284880058CFFD /* loginView.swift in Sources */ = {isa = PBXBuildFile; fileRef = 7DDBD9112A8284880058CFFD /* loginView.swift */; };
		7DDBD9142A8288100058CFFD /* inputView.swift in Sources */ = {isa = PBXBuildFile; fileRef = 7DDBD9132A8288100058CFFD /* inputView.swift */; };
		7DDBD9162A82A6060058CFFD /* RegistrationView.swift in Sources */ = {isa = PBXBuildFile; fileRef = 7DDBD9152A82A6060058CFFD /* RegistrationView.swift */; };
		7DDBD9182A82AB590058CFFD /* profileView.swift in Sources */ = {isa = PBXBuildFile; fileRef = 7DDBD9172A82AB590058CFFD /* profileView.swift */; };
		7DDBD91A2A82ADD10058CFFD /* settingsRowView.swift in Sources */ = {isa = PBXBuildFile; fileRef = 7DDBD9192A82ADD10058CFFD /* settingsRowView.swift */; };
		7DDBD91C2A82B3E40058CFFD /* user.swift in Sources */ = {isa = PBXBuildFile; fileRef = 7DDBD91B2A82B3E40058CFFD /* user.swift */; };
		7DDBD91E2A82CE020058CFFD /* GoogleService-Info.plist in Resources */ = {isa = PBXBuildFile; fileRef = 7DDBD91D2A82CE020058CFFD /* GoogleService-Info.plist */; };
/* End PBXBuildFile section */

/* Begin PBXContainerItemProxy section */
		7DDBD8EE2A7BE3190058CFFD /* PBXContainerItemProxy */ = {
			isa = PBXContainerItemProxy;
			containerPortal = 7DDBD8D42A7BE3170058CFFD /* Project object */;
			proxyType = 1;
			remoteGlobalIDString = 7DDBD8DB2A7BE3170058CFFD;
			remoteInfo = booknook;
		};
		7DDBD8F82A7BE3190058CFFD /* PBXContainerItemProxy */ = {
			isa = PBXContainerItemProxy;
			containerPortal = 7DDBD8D42A7BE3170058CFFD /* Project object */;
			proxyType = 1;
			remoteGlobalIDString = 7DDBD8DB2A7BE3170058CFFD;
			remoteInfo = booknook;
		};
/* End PBXContainerItemProxy section */

/* Begin PBXFileReference section */
		7D8016AC2A82EF1400613A43 /* authViewModel.swift */ = {isa = PBXFileReference; lastKnownFileType = sourcecode.swift; path = authViewModel.swift; sourceTree = "<group>"; };
		7DDBD8DC2A7BE3180058CFFD /* booknook.app */ = {isa = PBXFileReference; explicitFileType = wrapper.application; includeInIndex = 0; path = booknook.app; sourceTree = BUILT_PRODUCTS_DIR; };
		7DDBD8DF2A7BE3180058CFFD /* booknookApp.swift */ = {isa = PBXFileReference; lastKnownFileType = sourcecode.swift; path = booknookApp.swift; sourceTree = "<group>"; };
		7DDBD8E12A7BE3180058CFFD /* ContentView.swift */ = {isa = PBXFileReference; lastKnownFileType = sourcecode.swift; path = ContentView.swift; sourceTree = "<group>"; };
		7DDBD8E32A7BE3190058CFFD /* Assets.xcassets */ = {isa = PBXFileReference; lastKnownFileType = folder.assetcatalog; path = Assets.xcassets; sourceTree = "<group>"; };
		7DDBD8E52A7BE3190058CFFD /* booknook.entitlements */ = {isa = PBXFileReference; lastKnownFileType = text.plist.entitlements; path = booknook.entitlements; sourceTree = "<group>"; };
		7DDBD8E72A7BE3190058CFFD /* Preview Assets.xcassets */ = {isa = PBXFileReference; lastKnownFileType = folder.assetcatalog; path = "Preview Assets.xcassets"; sourceTree = "<group>"; };
		7DDBD8ED2A7BE3190058CFFD /* booknookTests.xctest */ = {isa = PBXFileReference; explicitFileType = wrapper.cfbundle; includeInIndex = 0; path = booknookTests.xctest; sourceTree = BUILT_PRODUCTS_DIR; };
		7DDBD8F12A7BE3190058CFFD /* booknookTests.swift */ = {isa = PBXFileReference; lastKnownFileType = sourcecode.swift; path = booknookTests.swift; sourceTree = "<group>"; };
		7DDBD8F72A7BE3190058CFFD /* booknookUITests.xctest */ = {isa = PBXFileReference; explicitFileType = wrapper.cfbundle; includeInIndex = 0; path = booknookUITests.xctest; sourceTree = BUILT_PRODUCTS_DIR; };
		7DDBD8FB2A7BE3190058CFFD /* booknookUITests.swift */ = {isa = PBXFileReference; lastKnownFileType = sourcecode.swift; path = booknookUITests.swift; sourceTree = "<group>"; };
		7DDBD8FD2A7BE3190058CFFD /* booknookUITestsLaunchTests.swift */ = {isa = PBXFileReference; lastKnownFileType = sourcecode.swift; path = booknookUITestsLaunchTests.swift; sourceTree = "<group>"; };
		7DDBD9112A8284880058CFFD /* loginView.swift */ = {isa = PBXFileReference; lastKnownFileType = sourcecode.swift; path = loginView.swift; sourceTree = "<group>"; };
		7DDBD9132A8288100058CFFD /* inputView.swift */ = {isa = PBXFileReference; lastKnownFileType = sourcecode.swift; path = inputView.swift; sourceTree = "<group>"; };
		7DDBD9152A82A6060058CFFD /* RegistrationView.swift */ = {isa = PBXFileReference; lastKnownFileType = sourcecode.swift; path = RegistrationView.swift; sourceTree = "<group>"; };
		7DDBD9172A82AB590058CFFD /* profileView.swift */ = {isa = PBXFileReference; lastKnownFileType = sourcecode.swift; path = profileView.swift; sourceTree = "<group>"; };
		7DDBD9192A82ADD10058CFFD /* settingsRowView.swift */ = {isa = PBXFileReference; lastKnownFileType = sourcecode.swift; path = settingsRowView.swift; sourceTree = "<group>"; };
		7DDBD91B2A82B3E40058CFFD /* user.swift */ = {isa = PBXFileReference; lastKnownFileType = sourcecode.swift; path = user.swift; sourceTree = "<group>"; };
		7DDBD91D2A82CE020058CFFD /* GoogleService-Info.plist */ = {isa = PBXFileReference; fileEncoding = 4; lastKnownFileType = text.plist.xml; path = "GoogleService-Info.plist"; sourceTree = "<group>"; };
/* End PBXFileReference section */

/* Begin PBXFrameworksBuildPhase section */
		7DDBD8D92A7BE3170058CFFD /* Frameworks */ = {
			isa = PBXFrameworksBuildPhase;
			buildActionMask = 2147483647;
			files = (
				7D8016DA2A830C2D00613A43 /* FirebasePerformance in Frameworks */,
				7D8016C82A830C2D00613A43 /* FirebaseFirestoreCombine-Community in Frameworks */,
				7D8016C22A830C2C00613A43 /* FirebaseDatabaseSwift in Frameworks */,
				7D8016E02A830C2E00613A43 /* FirebaseStorage in Frameworks */,
				7D8016C42A830C2C00613A43 /* FirebaseDynamicLinks in Frameworks */,
				7D8016CA2A830C2D00613A43 /* FirebaseFirestoreSwift in Frameworks */,
				7D8016B62A830C2C00613A43 /* FirebaseAppCheck in Frameworks */,
				7D8016D02A830C2D00613A43 /* FirebaseInAppMessaging-Beta in Frameworks */,
				7D8016BA2A830C2C00613A43 /* FirebaseAuth in Frameworks */,
				7D8016D62A830C2D00613A43 /* FirebaseMLModelDownloader in Frameworks */,
				7D8016DE2A830C2E00613A43 /* FirebaseRemoteConfigSwift in Frameworks */,
				7D8016B42A830C2C00613A43 /* FirebaseAnalyticsSwift in Frameworks */,
				7D8016D82A830C2D00613A43 /* FirebaseMessaging in Frameworks */,
				7D8016D42A830C2D00613A43 /* FirebaseInstallations in Frameworks */,
				7D8016CE2A830C2D00613A43 /* FirebaseFunctionsCombine-Community in Frameworks */,
				7D8016C62A830C2C00613A43 /* FirebaseFirestore in Frameworks */,
				7D8016E22A830C2E00613A43 /* FirebaseStorageCombine-Community in Frameworks */,
				7D8016B82A830C2C00613A43 /* FirebaseAppDistribution-Beta in Frameworks */,
				7D8016B02A830C2C00613A43 /* FirebaseAnalytics in Frameworks */,
				7D8016BE2A830C2C00613A43 /* FirebaseCrashlytics in Frameworks */,
				7D8016C02A830C2C00613A43 /* FirebaseDatabase in Frameworks */,
				7D8016DC2A830C2D00613A43 /* FirebaseRemoteConfig in Frameworks */,
				7D8016CC2A830C2D00613A43 /* FirebaseFunctions in Frameworks */,
				7D8016BC2A830C2C00613A43 /* FirebaseAuthCombine-Community in Frameworks */,
				7D8016D22A830C2D00613A43 /* FirebaseInAppMessagingSwift-Beta in Frameworks */,
				7D8016B22A830C2C00613A43 /* FirebaseAnalyticsOnDeviceConversion in Frameworks */,
			);
			runOnlyForDeploymentPostprocessing = 0;
		};
		7DDBD8EA2A7BE3190058CFFD /* Frameworks */ = {
			isa = PBXFrameworksBuildPhase;
			buildActionMask = 2147483647;
			files = (
			);
			runOnlyForDeploymentPostprocessing = 0;
		};
		7DDBD8F42A7BE3190058CFFD /* Frameworks */ = {
			isa = PBXFrameworksBuildPhase;
			buildActionMask = 2147483647;
			files = (
			);
			runOnlyForDeploymentPostprocessing = 0;
		};
/* End PBXFrameworksBuildPhase section */

/* Begin PBXGroup section */
		7D8016AA2A82EEC100613A43 /* Views */ = {
			isa = PBXGroup;
			children = (
				7DDBD9152A82A6060058CFFD /* RegistrationView.swift */,
				7DDBD9112A8284880058CFFD /* loginView.swift */,
			);
			path = Views;
			sourceTree = "<group>";
		};
		7D8016AB2A82EEC800613A43 /* ViewModels */ = {
			isa = PBXGroup;
			children = (
				7D8016AC2A82EF1400613A43 /* authViewModel.swift */,
			);
			path = ViewModels;
			sourceTree = "<group>";
		};
		7DDBD8D32A7BE3170058CFFD = {
			isa = PBXGroup;
			children = (
				7DDBD8DE2A7BE3180058CFFD /* booknook */,
				7DDBD8F02A7BE3190058CFFD /* booknookTests */,
				7DDBD8FA2A7BE3190058CFFD /* booknookUITests */,
				7DDBD8DD2A7BE3180058CFFD /* Products */,
			);
			sourceTree = "<group>";
		};
		7DDBD8DD2A7BE3180058CFFD /* Products */ = {
			isa = PBXGroup;
			children = (
				7DDBD8DC2A7BE3180058CFFD /* booknook.app */,
				7DDBD8ED2A7BE3190058CFFD /* booknookTests.xctest */,
				7DDBD8F72A7BE3190058CFFD /* booknookUITests.xctest */,
			);
			name = Products;
			sourceTree = "<group>";
		};
		7DDBD8DE2A7BE3180058CFFD /* booknook */ = {
			isa = PBXGroup;
			children = (
				7DDBD90D2A827A1C0058CFFD /* Model */,
				7DDBD90C2A827A160058CFFD /* Components */,
				7DDBD90B2A827A0D0058CFFD /* Core */,
				7DDBD90A2A8279F10058CFFD /* App */,
				7DDBD8E32A7BE3190058CFFD /* Assets.xcassets */,
				7DDBD8E52A7BE3190058CFFD /* booknook.entitlements */,
				7DDBD91D2A82CE020058CFFD /* GoogleService-Info.plist */,
				7DDBD8E62A7BE3190058CFFD /* Preview Content */,
			);
			path = booknook;
			sourceTree = "<group>";
		};
		7DDBD8E62A7BE3190058CFFD /* Preview Content */ = {
			isa = PBXGroup;
			children = (
				7DDBD8E72A7BE3190058CFFD /* Preview Assets.xcassets */,
			);
			path = "Preview Content";
			sourceTree = "<group>";
		};
		7DDBD8F02A7BE3190058CFFD /* booknookTests */ = {
			isa = PBXGroup;
			children = (
				7DDBD8F12A7BE3190058CFFD /* booknookTests.swift */,
			);
			path = booknookTests;
			sourceTree = "<group>";
		};
		7DDBD8FA2A7BE3190058CFFD /* booknookUITests */ = {
			isa = PBXGroup;
			children = (
				7DDBD8FB2A7BE3190058CFFD /* booknookUITests.swift */,
				7DDBD8FD2A7BE3190058CFFD /* booknookUITestsLaunchTests.swift */,
			);
			path = booknookUITests;
			sourceTree = "<group>";
		};
		7DDBD90A2A8279F10058CFFD /* App */ = {
			isa = PBXGroup;
			children = (
				7DDBD8DF2A7BE3180058CFFD /* booknookApp.swift */,
			);
			path = App;
			sourceTree = "<group>";
		};
		7DDBD90B2A827A0D0058CFFD /* Core */ = {
			isa = PBXGroup;
			children = (
				7DDBD9102A827AA50058CFFD /* Profile */,
				7DDBD90F2A827A9D0058CFFD /* Authentication */,
				7DDBD90E2A827A680058CFFD /* Root */,
			);
			path = Core;
			sourceTree = "<group>";
		};
		7DDBD90C2A827A160058CFFD /* Components */ = {
			isa = PBXGroup;
			children = (
				7DDBD9132A8288100058CFFD /* inputView.swift */,
				7DDBD9192A82ADD10058CFFD /* settingsRowView.swift */,
			);
			path = Components;
			sourceTree = "<group>";
		};
		7DDBD90D2A827A1C0058CFFD /* Model */ = {
			isa = PBXGroup;
			children = (
				7DDBD91B2A82B3E40058CFFD /* user.swift */,
			);
			path = Model;
			sourceTree = "<group>";
		};
		7DDBD90E2A827A680058CFFD /* Root */ = {
			isa = PBXGroup;
			children = (
				7DDBD8E12A7BE3180058CFFD /* ContentView.swift */,
			);
			path = Root;
			sourceTree = "<group>";
		};
		7DDBD90F2A827A9D0058CFFD /* Authentication */ = {
			isa = PBXGroup;
			children = (
				7D8016AB2A82EEC800613A43 /* ViewModels */,
				7D8016AA2A82EEC100613A43 /* Views */,
			);
			path = Authentication;
			sourceTree = "<group>";
		};
		7DDBD9102A827AA50058CFFD /* Profile */ = {
			isa = PBXGroup;
			children = (
				7DDBD9172A82AB590058CFFD /* profileView.swift */,
			);
			path = Profile;
			sourceTree = "<group>";
		};
/* End PBXGroup section */

/* Begin PBXNativeTarget section */
		7DDBD8DB2A7BE3170058CFFD /* booknook */ = {
			isa = PBXNativeTarget;
			buildConfigurationList = 7DDBD9012A7BE3190058CFFD /* Build configuration list for PBXNativeTarget "booknook" */;
			buildPhases = (
				7DDBD8D82A7BE3170058CFFD /* Sources */,
				7DDBD8D92A7BE3170058CFFD /* Frameworks */,
				7DDBD8DA2A7BE3170058CFFD /* Resources */,
			);
			buildRules = (
			);
			dependencies = (
			);
			name = booknook;
			packageProductDependencies = (
				7D8016AF2A830C2C00613A43 /* FirebaseAnalytics */,
				7D8016B12A830C2C00613A43 /* FirebaseAnalyticsOnDeviceConversion */,
				7D8016B32A830C2C00613A43 /* FirebaseAnalyticsSwift */,
				7D8016B52A830C2C00613A43 /* FirebaseAppCheck */,
				7D8016B72A830C2C00613A43 /* FirebaseAppDistribution-Beta */,
				7D8016B92A830C2C00613A43 /* FirebaseAuth */,
				7D8016BB2A830C2C00613A43 /* FirebaseAuthCombine-Community */,
				7D8016BD2A830C2C00613A43 /* FirebaseCrashlytics */,
				7D8016BF2A830C2C00613A43 /* FirebaseDatabase */,
				7D8016C12A830C2C00613A43 /* FirebaseDatabaseSwift */,
				7D8016C32A830C2C00613A43 /* FirebaseDynamicLinks */,
				7D8016C52A830C2C00613A43 /* FirebaseFirestore */,
				7D8016C72A830C2D00613A43 /* FirebaseFirestoreCombine-Community */,
				7D8016C92A830C2D00613A43 /* FirebaseFirestoreSwift */,
				7D8016CB2A830C2D00613A43 /* FirebaseFunctions */,
				7D8016CD2A830C2D00613A43 /* FirebaseFunctionsCombine-Community */,
				7D8016CF2A830C2D00613A43 /* FirebaseInAppMessaging-Beta */,
				7D8016D12A830C2D00613A43 /* FirebaseInAppMessagingSwift-Beta */,
				7D8016D32A830C2D00613A43 /* FirebaseInstallations */,
				7D8016D52A830C2D00613A43 /* FirebaseMLModelDownloader */,
				7D8016D72A830C2D00613A43 /* FirebaseMessaging */,
				7D8016D92A830C2D00613A43 /* FirebasePerformance */,
				7D8016DB2A830C2D00613A43 /* FirebaseRemoteConfig */,
				7D8016DD2A830C2E00613A43 /* FirebaseRemoteConfigSwift */,
				7D8016DF2A830C2E00613A43 /* FirebaseStorage */,
				7D8016E12A830C2E00613A43 /* FirebaseStorageCombine-Community */,
			);
			productName = booknook;
			productReference = 7DDBD8DC2A7BE3180058CFFD /* booknook.app */;
			productType = "com.apple.product-type.application";
		};
		7DDBD8EC2A7BE3190058CFFD /* booknookTests */ = {
			isa = PBXNativeTarget;
			buildConfigurationList = 7DDBD9042A7BE3190058CFFD /* Build configuration list for PBXNativeTarget "booknookTests" */;
			buildPhases = (
				7DDBD8E92A7BE3190058CFFD /* Sources */,
				7DDBD8EA2A7BE3190058CFFD /* Frameworks */,
				7DDBD8EB2A7BE3190058CFFD /* Resources */,
			);
			buildRules = (
			);
			dependencies = (
				7DDBD8EF2A7BE3190058CFFD /* PBXTargetDependency */,
			);
			name = booknookTests;
			productName = booknookTests;
			productReference = 7DDBD8ED2A7BE3190058CFFD /* booknookTests.xctest */;
			productType = "com.apple.product-type.bundle.unit-test";
		};
		7DDBD8F62A7BE3190058CFFD /* booknookUITests */ = {
			isa = PBXNativeTarget;
			buildConfigurationList = 7DDBD9072A7BE3190058CFFD /* Build configuration list for PBXNativeTarget "booknookUITests" */;
			buildPhases = (
				7DDBD8F32A7BE3190058CFFD /* Sources */,
				7DDBD8F42A7BE3190058CFFD /* Frameworks */,
				7DDBD8F52A7BE3190058CFFD /* Resources */,
			);
			buildRules = (
			);
			dependencies = (
				7DDBD8F92A7BE3190058CFFD /* PBXTargetDependency */,
			);
			name = booknookUITests;
			productName = booknookUITests;
			productReference = 7DDBD8F72A7BE3190058CFFD /* booknookUITests.xctest */;
			productType = "com.apple.product-type.bundle.ui-testing";
		};
/* End PBXNativeTarget section */

/* Begin PBXProject section */
		7DDBD8D42A7BE3170058CFFD /* Project object */ = {
			isa = PBXProject;
			attributes = {
				BuildIndependentTargetsInParallel = 1;
				LastSwiftUpdateCheck = 1430;
				LastUpgradeCheck = 1430;
				TargetAttributes = {
					7DDBD8DB2A7BE3170058CFFD = {
						CreatedOnToolsVersion = 14.3.1;
					};
					7DDBD8EC2A7BE3190058CFFD = {
						CreatedOnToolsVersion = 14.3.1;
						TestTargetID = 7DDBD8DB2A7BE3170058CFFD;
					};
					7DDBD8F62A7BE3190058CFFD = {
						CreatedOnToolsVersion = 14.3.1;
						TestTargetID = 7DDBD8DB2A7BE3170058CFFD;
					};
				};
			};
			buildConfigurationList = 7DDBD8D72A7BE3170058CFFD /* Build configuration list for PBXProject "booknook" */;
			compatibilityVersion = "Xcode 14.0";
			developmentRegion = en;
			hasScannedForEncodings = 0;
			knownRegions = (
				en,
				Base,
			);
			mainGroup = 7DDBD8D32A7BE3170058CFFD;
			packageReferences = (
				7D8016AE2A830C2C00613A43 /* XCRemoteSwiftPackageReference "firebase-ios-sdk" */,
			);
			productRefGroup = 7DDBD8DD2A7BE3180058CFFD /* Products */;
			projectDirPath = "";
			projectRoot = "";
			targets = (
				7DDBD8DB2A7BE3170058CFFD /* booknook */,
				7DDBD8EC2A7BE3190058CFFD /* booknookTests */,
				7DDBD8F62A7BE3190058CFFD /* booknookUITests */,
			);
		};
/* End PBXProject section */

/* Begin PBXResourcesBuildPhase section */
		7DDBD8DA2A7BE3170058CFFD /* Resources */ = {
			isa = PBXResourcesBuildPhase;
			buildActionMask = 2147483647;
			files = (
				7DDBD8E82A7BE3190058CFFD /* Preview Assets.xcassets in Resources */,
				7DDBD8E42A7BE3190058CFFD /* Assets.xcassets in Resources */,
				7DDBD91E2A82CE020058CFFD /* GoogleService-Info.plist in Resources */,
			);
			runOnlyForDeploymentPostprocessing = 0;
		};
		7DDBD8EB2A7BE3190058CFFD /* Resources */ = {
			isa = PBXResourcesBuildPhase;
			buildActionMask = 2147483647;
			files = (
			);
			runOnlyForDeploymentPostprocessing = 0;
		};
		7DDBD8F52A7BE3190058CFFD /* Resources */ = {
			isa = PBXResourcesBuildPhase;
			buildActionMask = 2147483647;
			files = (
			);
			runOnlyForDeploymentPostprocessing = 0;
		};
/* End PBXResourcesBuildPhase section */

/* Begin PBXSourcesBuildPhase section */
		7DDBD8D82A7BE3170058CFFD /* Sources */ = {
			isa = PBXSourcesBuildPhase;
			buildActionMask = 2147483647;
			files = (
				7DDBD91A2A82ADD10058CFFD /* settingsRowView.swift in Sources */,
				7DDBD8E22A7BE3180058CFFD /* ContentView.swift in Sources */,
				7DDBD9142A8288100058CFFD /* inputView.swift in Sources */,
				7DDBD9182A82AB590058CFFD /* profileView.swift in Sources */,
				7DDBD91C2A82B3E40058CFFD /* user.swift in Sources */,
				7DDBD9122A8284880058CFFD /* loginView.swift in Sources */,
				7D8016AD2A82EF1400613A43 /* authViewModel.swift in Sources */,
				7DDBD8E02A7BE3180058CFFD /* booknookApp.swift in Sources */,
				7DDBD9162A82A6060058CFFD /* RegistrationView.swift in Sources */,
			);
			runOnlyForDeploymentPostprocessing = 0;
		};
		7DDBD8E92A7BE3190058CFFD /* Sources */ = {
			isa = PBXSourcesBuildPhase;
			buildActionMask = 2147483647;
			files = (
				7DDBD8F22A7BE3190058CFFD /* booknookTests.swift in Sources */,
			);
			runOnlyForDeploymentPostprocessing = 0;
		};
		7DDBD8F32A7BE3190058CFFD /* Sources */ = {
			isa = PBXSourcesBuildPhase;
			buildActionMask = 2147483647;
			files = (
				7DDBD8FE2A7BE3190058CFFD /* booknookUITestsLaunchTests.swift in Sources */,
				7DDBD8FC2A7BE3190058CFFD /* booknookUITests.swift in Sources */,
			);
			runOnlyForDeploymentPostprocessing = 0;
		};
/* End PBXSourcesBuildPhase section */

/* Begin PBXTargetDependency section */
		7DDBD8EF2A7BE3190058CFFD /* PBXTargetDependency */ = {
			isa = PBXTargetDependency;
			target = 7DDBD8DB2A7BE3170058CFFD /* booknook */;
			targetProxy = 7DDBD8EE2A7BE3190058CFFD /* PBXContainerItemProxy */;
		};
		7DDBD8F92A7BE3190058CFFD /* PBXTargetDependency */ = {
			isa = PBXTargetDependency;
			target = 7DDBD8DB2A7BE3170058CFFD /* booknook */;
			targetProxy = 7DDBD8F82A7BE3190058CFFD /* PBXContainerItemProxy */;
		};
/* End PBXTargetDependency section */

/* Begin XCBuildConfiguration section */
		7DDBD8FF2A7BE3190058CFFD /* Debug */ = {
			isa = XCBuildConfiguration;
			buildSettings = {
				ALWAYS_SEARCH_USER_PATHS = NO;
				CLANG_ANALYZER_NONNULL = YES;
				CLANG_ANALYZER_NUMBER_OBJECT_CONVERSION = YES_AGGRESSIVE;
				CLANG_CXX_LANGUAGE_STANDARD = "gnu++20";
				CLANG_ENABLE_MODULES = YES;
				CLANG_ENABLE_OBJC_ARC = YES;
				CLANG_ENABLE_OBJC_WEAK = YES;
				CLANG_WARN_BLOCK_CAPTURE_AUTORELEASING = YES;
				CLANG_WARN_BOOL_CONVERSION = YES;
				CLANG_WARN_COMMA = YES;
				CLANG_WARN_CONSTANT_CONVERSION = YES;
				CLANG_WARN_DEPRECATED_OBJC_IMPLEMENTATIONS = YES;
				CLANG_WARN_DIRECT_OBJC_ISA_USAGE = YES_ERROR;
				CLANG_WARN_DOCUMENTATION_COMMENTS = YES;
				CLANG_WARN_EMPTY_BODY = YES;
				CLANG_WARN_ENUM_CONVERSION = YES;
				CLANG_WARN_INFINITE_RECURSION = YES;
				CLANG_WARN_INT_CONVERSION = YES;
				CLANG_WARN_NON_LITERAL_NULL_CONVERSION = YES;
				CLANG_WARN_OBJC_IMPLICIT_RETAIN_SELF = YES;
				CLANG_WARN_OBJC_LITERAL_CONVERSION = YES;
				CLANG_WARN_OBJC_ROOT_CLASS = YES_ERROR;
				CLANG_WARN_QUOTED_INCLUDE_IN_FRAMEWORK_HEADER = YES;
				CLANG_WARN_RANGE_LOOP_ANALYSIS = YES;
				CLANG_WARN_STRICT_PROTOTYPES = YES;
				CLANG_WARN_SUSPICIOUS_MOVE = YES;
				CLANG_WARN_UNGUARDED_AVAILABILITY = YES_AGGRESSIVE;
				CLANG_WARN_UNREACHABLE_CODE = YES;
				CLANG_WARN__DUPLICATE_METHOD_MATCH = YES;
				COPY_PHASE_STRIP = NO;
				DEBUG_INFORMATION_FORMAT = dwarf;
				ENABLE_STRICT_OBJC_MSGSEND = YES;
				ENABLE_TESTABILITY = YES;
				GCC_C_LANGUAGE_STANDARD = gnu11;
				GCC_DYNAMIC_NO_PIC = NO;
				GCC_NO_COMMON_BLOCKS = YES;
				GCC_OPTIMIZATION_LEVEL = 0;
				GCC_PREPROCESSOR_DEFINITIONS = (
					"DEBUG=1",
					"$(inherited)",
				);
				GCC_WARN_64_TO_32_BIT_CONVERSION = YES;
				GCC_WARN_ABOUT_RETURN_TYPE = YES_ERROR;
				GCC_WARN_UNDECLARED_SELECTOR = YES;
				GCC_WARN_UNINITIALIZED_AUTOS = YES_AGGRESSIVE;
				GCC_WARN_UNUSED_FUNCTION = YES;
				GCC_WARN_UNUSED_VARIABLE = YES;
				MTL_ENABLE_DEBUG_INFO = INCLUDE_SOURCE;
				MTL_FAST_MATH = YES;
				ONLY_ACTIVE_ARCH = YES;
				SWIFT_ACTIVE_COMPILATION_CONDITIONS = DEBUG;
				SWIFT_OPTIMIZATION_LEVEL = "-Onone";
			};
			name = Debug;
		};
		7DDBD9002A7BE3190058CFFD /* Release */ = {
			isa = XCBuildConfiguration;
			buildSettings = {
				ALWAYS_SEARCH_USER_PATHS = NO;
				CLANG_ANALYZER_NONNULL = YES;
				CLANG_ANALYZER_NUMBER_OBJECT_CONVERSION = YES_AGGRESSIVE;
				CLANG_CXX_LANGUAGE_STANDARD = "gnu++20";
				CLANG_ENABLE_MODULES = YES;
				CLANG_ENABLE_OBJC_ARC = YES;
				CLANG_ENABLE_OBJC_WEAK = YES;
				CLANG_WARN_BLOCK_CAPTURE_AUTORELEASING = YES;
				CLANG_WARN_BOOL_CONVERSION = YES;
				CLANG_WARN_COMMA = YES;
				CLANG_WARN_CONSTANT_CONVERSION = YES;
				CLANG_WARN_DEPRECATED_OBJC_IMPLEMENTATIONS = YES;
				CLANG_WARN_DIRECT_OBJC_ISA_USAGE = YES_ERROR;
				CLANG_WARN_DOCUMENTATION_COMMENTS = YES;
				CLANG_WARN_EMPTY_BODY = YES;
				CLANG_WARN_ENUM_CONVERSION = YES;
				CLANG_WARN_INFINITE_RECURSION = YES;
				CLANG_WARN_INT_CONVERSION = YES;
				CLANG_WARN_NON_LITERAL_NULL_CONVERSION = YES;
				CLANG_WARN_OBJC_IMPLICIT_RETAIN_SELF = YES;
				CLANG_WARN_OBJC_LITERAL_CONVERSION = YES;
				CLANG_WARN_OBJC_ROOT_CLASS = YES_ERROR;
				CLANG_WARN_QUOTED_INCLUDE_IN_FRAMEWORK_HEADER = YES;
				CLANG_WARN_RANGE_LOOP_ANALYSIS = YES;
				CLANG_WARN_STRICT_PROTOTYPES = YES;
				CLANG_WARN_SUSPICIOUS_MOVE = YES;
				CLANG_WARN_UNGUARDED_AVAILABILITY = YES_AGGRESSIVE;
				CLANG_WARN_UNREACHABLE_CODE = YES;
				CLANG_WARN__DUPLICATE_METHOD_MATCH = YES;
				COPY_PHASE_STRIP = NO;
				DEBUG_INFORMATION_FORMAT = "dwarf-with-dsym";
				ENABLE_NS_ASSERTIONS = NO;
				ENABLE_STRICT_OBJC_MSGSEND = YES;
				GCC_C_LANGUAGE_STANDARD = gnu11;
				GCC_NO_COMMON_BLOCKS = YES;
				GCC_WARN_64_TO_32_BIT_CONVERSION = YES;
				GCC_WARN_ABOUT_RETURN_TYPE = YES_ERROR;
				GCC_WARN_UNDECLARED_SELECTOR = YES;
				GCC_WARN_UNINITIALIZED_AUTOS = YES_AGGRESSIVE;
				GCC_WARN_UNUSED_FUNCTION = YES;
				GCC_WARN_UNUSED_VARIABLE = YES;
				MTL_ENABLE_DEBUG_INFO = NO;
				MTL_FAST_MATH = YES;
				SWIFT_COMPILATION_MODE = wholemodule;
				SWIFT_OPTIMIZATION_LEVEL = "-O";
			};
			name = Release;
		};
		7DDBD9022A7BE3190058CFFD /* Debug */ = {
			isa = XCBuildConfiguration;
			buildSettings = {
				ASSETCATALOG_COMPILER_APPICON_NAME = AppIcon;
				ASSETCATALOG_COMPILER_GLOBAL_ACCENT_COLOR_NAME = AccentColor;
				CODE_SIGN_ENTITLEMENTS = booknook/booknook.entitlements;
				CODE_SIGN_STYLE = Automatic;
				CURRENT_PROJECT_VERSION = 1;
				DEVELOPMENT_ASSET_PATHS = "\"booknook/Preview Content\"";
				ENABLE_PREVIEWS = YES;
				GENERATE_INFOPLIST_FILE = YES;
				"INFOPLIST_KEY_UIApplicationSceneManifest_Generation[sdk=iphoneos*]" = YES;
				"INFOPLIST_KEY_UIApplicationSceneManifest_Generation[sdk=iphonesimulator*]" = YES;
				"INFOPLIST_KEY_UIApplicationSupportsIndirectInputEvents[sdk=iphoneos*]" = YES;
				"INFOPLIST_KEY_UIApplicationSupportsIndirectInputEvents[sdk=iphonesimulator*]" = YES;
				"INFOPLIST_KEY_UILaunchScreen_Generation[sdk=iphoneos*]" = YES;
				"INFOPLIST_KEY_UILaunchScreen_Generation[sdk=iphonesimulator*]" = YES;
				"INFOPLIST_KEY_UIStatusBarStyle[sdk=iphoneos*]" = UIStatusBarStyleDefault;
				"INFOPLIST_KEY_UIStatusBarStyle[sdk=iphonesimulator*]" = UIStatusBarStyleDefault;
				INFOPLIST_KEY_UISupportedInterfaceOrientations_iPad = "UIInterfaceOrientationPortrait UIInterfaceOrientationPortraitUpsideDown UIInterfaceOrientationLandscapeLeft UIInterfaceOrientationLandscapeRight";
				INFOPLIST_KEY_UISupportedInterfaceOrientations_iPhone = "UIInterfaceOrientationPortrait UIInterfaceOrientationLandscapeLeft UIInterfaceOrientationLandscapeRight";
				IPHONEOS_DEPLOYMENT_TARGET = 16.4;
				LD_RUNPATH_SEARCH_PATHS = "@executable_path/Frameworks";
				"LD_RUNPATH_SEARCH_PATHS[sdk=macosx*]" = "@executable_path/../Frameworks";
				MACOSX_DEPLOYMENT_TARGET = 13.3;
				MARKETING_VERSION = 1.0;
				PRODUCT_BUNDLE_IDENTIFIER = com.caleblong.booknook;
				PRODUCT_NAME = "$(TARGET_NAME)";
				SDKROOT = auto;
				SUPPORTED_PLATFORMS = "iphoneos iphonesimulator macosx";
				SWIFT_EMIT_LOC_STRINGS = YES;
				SWIFT_VERSION = 5.0;
				TARGETED_DEVICE_FAMILY = "1,2";
			};
			name = Debug;
		};
		7DDBD9032A7BE3190058CFFD /* Release */ = {
			isa = XCBuildConfiguration;
			buildSettings = {
				ASSETCATALOG_COMPILER_APPICON_NAME = AppIcon;
				ASSETCATALOG_COMPILER_GLOBAL_ACCENT_COLOR_NAME = AccentColor;
				CODE_SIGN_ENTITLEMENTS = booknook/booknook.entitlements;
				CODE_SIGN_STYLE = Automatic;
				CURRENT_PROJECT_VERSION = 1;
				DEVELOPMENT_ASSET_PATHS = "\"booknook/Preview Content\"";
				ENABLE_PREVIEWS = YES;
				GENERATE_INFOPLIST_FILE = YES;
				"INFOPLIST_KEY_UIApplicationSceneManifest_Generation[sdk=iphoneos*]" = YES;
				"INFOPLIST_KEY_UIApplicationSceneManifest_Generation[sdk=iphonesimulator*]" = YES;
				"INFOPLIST_KEY_UIApplicationSupportsIndirectInputEvents[sdk=iphoneos*]" = YES;
				"INFOPLIST_KEY_UIApplicationSupportsIndirectInputEvents[sdk=iphonesimulator*]" = YES;
				"INFOPLIST_KEY_UILaunchScreen_Generation[sdk=iphoneos*]" = YES;
				"INFOPLIST_KEY_UILaunchScreen_Generation[sdk=iphonesimulator*]" = YES;
				"INFOPLIST_KEY_UIStatusBarStyle[sdk=iphoneos*]" = UIStatusBarStyleDefault;
				"INFOPLIST_KEY_UIStatusBarStyle[sdk=iphonesimulator*]" = UIStatusBarStyleDefault;
				INFOPLIST_KEY_UISupportedInterfaceOrientations_iPad = "UIInterfaceOrientationPortrait UIInterfaceOrientationPortraitUpsideDown UIInterfaceOrientationLandscapeLeft UIInterfaceOrientationLandscapeRight";
				INFOPLIST_KEY_UISupportedInterfaceOrientations_iPhone = "UIInterfaceOrientationPortrait UIInterfaceOrientationLandscapeLeft UIInterfaceOrientationLandscapeRight";
				IPHONEOS_DEPLOYMENT_TARGET = 16.4;
				LD_RUNPATH_SEARCH_PATHS = "@executable_path/Frameworks";
				"LD_RUNPATH_SEARCH_PATHS[sdk=macosx*]" = "@executable_path/../Frameworks";
				MACOSX_DEPLOYMENT_TARGET = 13.3;
				MARKETING_VERSION = 1.0;
				PRODUCT_BUNDLE_IDENTIFIER = com.caleblong.booknook;
				PRODUCT_NAME = "$(TARGET_NAME)";
				SDKROOT = auto;
				SUPPORTED_PLATFORMS = "iphoneos iphonesimulator macosx";
				SWIFT_EMIT_LOC_STRINGS = YES;
				SWIFT_VERSION = 5.0;
				TARGETED_DEVICE_FAMILY = "1,2";
			};
			name = Release;
		};
		7DDBD9052A7BE3190058CFFD /* Debug */ = {
			isa = XCBuildConfiguration;
			buildSettings = {
				ALWAYS_EMBED_SWIFT_STANDARD_LIBRARIES = YES;
				BUNDLE_LOADER = "$(TEST_HOST)";
				CODE_SIGN_STYLE = Automatic;
				CURRENT_PROJECT_VERSION = 1;
				GENERATE_INFOPLIST_FILE = YES;
				IPHONEOS_DEPLOYMENT_TARGET = 16.4;
				MACOSX_DEPLOYMENT_TARGET = 13.3;
				MARKETING_VERSION = 1.0;
				PRODUCT_BUNDLE_IDENTIFIER = booknook.booknookTests;
				PRODUCT_NAME = "$(TARGET_NAME)";
				SDKROOT = auto;
				SUPPORTED_PLATFORMS = "iphoneos iphonesimulator macosx";
				SWIFT_EMIT_LOC_STRINGS = NO;
				SWIFT_VERSION = 5.0;
				TARGETED_DEVICE_FAMILY = "1,2";
				TEST_HOST = "$(BUILT_PRODUCTS_DIR)/booknook.app/$(BUNDLE_EXECUTABLE_FOLDER_PATH)/booknook";
			};
			name = Debug;
		};
		7DDBD9062A7BE3190058CFFD /* Release */ = {
			isa = XCBuildConfiguration;
			buildSettings = {
				ALWAYS_EMBED_SWIFT_STANDARD_LIBRARIES = YES;
				BUNDLE_LOADER = "$(TEST_HOST)";
				CODE_SIGN_STYLE = Automatic;
				CURRENT_PROJECT_VERSION = 1;
				GENERATE_INFOPLIST_FILE = YES;
				IPHONEOS_DEPLOYMENT_TARGET = 16.4;
				MACOSX_DEPLOYMENT_TARGET = 13.3;
				MARKETING_VERSION = 1.0;
				PRODUCT_BUNDLE_IDENTIFIER = booknook.booknookTests;
				PRODUCT_NAME = "$(TARGET_NAME)";
				SDKROOT = auto;
				SUPPORTED_PLATFORMS = "iphoneos iphonesimulator macosx";
				SWIFT_EMIT_LOC_STRINGS = NO;
				SWIFT_VERSION = 5.0;
				TARGETED_DEVICE_FAMILY = "1,2";
				TEST_HOST = "$(BUILT_PRODUCTS_DIR)/booknook.app/$(BUNDLE_EXECUTABLE_FOLDER_PATH)/booknook";
			};
			name = Release;
		};
		7DDBD9082A7BE3190058CFFD /* Debug */ = {
			isa = XCBuildConfiguration;
			buildSettings = {
				ALWAYS_EMBED_SWIFT_STANDARD_LIBRARIES = YES;
				CODE_SIGN_STYLE = Automatic;
				CURRENT_PROJECT_VERSION = 1;
				GENERATE_INFOPLIST_FILE = YES;
				IPHONEOS_DEPLOYMENT_TARGET = 16.4;
				MACOSX_DEPLOYMENT_TARGET = 13.3;
				MARKETING_VERSION = 1.0;
				PRODUCT_BUNDLE_IDENTIFIER = booknook.booknookUITests;
				PRODUCT_NAME = "$(TARGET_NAME)";
				SDKROOT = auto;
				SUPPORTED_PLATFORMS = "iphoneos iphonesimulator macosx";
				SWIFT_EMIT_LOC_STRINGS = NO;
				SWIFT_VERSION = 5.0;
				TARGETED_DEVICE_FAMILY = "1,2";
				TEST_TARGET_NAME = booknook;
			};
			name = Debug;
		};
		7DDBD9092A7BE3190058CFFD /* Release */ = {
			isa = XCBuildConfiguration;
			buildSettings = {
				ALWAYS_EMBED_SWIFT_STANDARD_LIBRARIES = YES;
				CODE_SIGN_STYLE = Automatic;
				CURRENT_PROJECT_VERSION = 1;
				GENERATE_INFOPLIST_FILE = YES;
				IPHONEOS_DEPLOYMENT_TARGET = 16.4;
				MACOSX_DEPLOYMENT_TARGET = 13.3;
				MARKETING_VERSION = 1.0;
				PRODUCT_BUNDLE_IDENTIFIER = booknook.booknookUITests;
				PRODUCT_NAME = "$(TARGET_NAME)";
				SDKROOT = auto;
				SUPPORTED_PLATFORMS = "iphoneos iphonesimulator macosx";
				SWIFT_EMIT_LOC_STRINGS = NO;
				SWIFT_VERSION = 5.0;
				TARGETED_DEVICE_FAMILY = "1,2";
				TEST_TARGET_NAME = booknook;
			};
			name = Release;
		};
/* End XCBuildConfiguration section */

/* Begin XCConfigurationList section */
		7DDBD8D72A7BE3170058CFFD /* Build configuration list for PBXProject "booknook" */ = {
			isa = XCConfigurationList;
			buildConfigurations = (
				7DDBD8FF2A7BE3190058CFFD /* Debug */,
				7DDBD9002A7BE3190058CFFD /* Release */,
			);
			defaultConfigurationIsVisible = 0;
			defaultConfigurationName = Release;
		};
		7DDBD9012A7BE3190058CFFD /* Build configuration list for PBXNativeTarget "booknook" */ = {
			isa = XCConfigurationList;
			buildConfigurations = (
				7DDBD9022A7BE3190058CFFD /* Debug */,
				7DDBD9032A7BE3190058CFFD /* Release */,
			);
			defaultConfigurationIsVisible = 0;
			defaultConfigurationName = Release;
		};
		7DDBD9042A7BE3190058CFFD /* Build configuration list for PBXNativeTarget "booknookTests" */ = {
			isa = XCConfigurationList;
			buildConfigurations = (
				7DDBD9052A7BE3190058CFFD /* Debug */,
				7DDBD9062A7BE3190058CFFD /* Release */,
			);
			defaultConfigurationIsVisible = 0;
			defaultConfigurationName = Release;
		};
		7DDBD9072A7BE3190058CFFD /* Build configuration list for PBXNativeTarget "booknookUITests" */ = {
			isa = XCConfigurationList;
			buildConfigurations = (
				7DDBD9082A7BE3190058CFFD /* Debug */,
				7DDBD9092A7BE3190058CFFD /* Release */,
			);
			defaultConfigurationIsVisible = 0;
			defaultConfigurationName = Release;
		};
/* End XCConfigurationList section */

/* Begin XCRemoteSwiftPackageReference section */
		7D8016AE2A830C2C00613A43 /* XCRemoteSwiftPackageReference "firebase-ios-sdk" */ = {
			isa = XCRemoteSwiftPackageReference;
			repositoryURL = "https://github.com/firebase/firebase-ios-sdk";
			requirement = {
				kind = upToNextMajorVersion;
				minimumVersion = 10.0.0;
			};
		};
/* End XCRemoteSwiftPackageReference section */

/* Begin XCSwiftPackageProductDependency section */
		7D8016AF2A830C2C00613A43 /* FirebaseAnalytics */ = {
			isa = XCSwiftPackageProductDependency;
			package = 7D8016AE2A830C2C00613A43 /* XCRemoteSwiftPackageReference "firebase-ios-sdk" */;
			productName = FirebaseAnalytics;
		};
		7D8016B12A830C2C00613A43 /* FirebaseAnalyticsOnDeviceConversion */ = {
			isa = XCSwiftPackageProductDependency;
			package = 7D8016AE2A830C2C00613A43 /* XCRemoteSwiftPackageReference "firebase-ios-sdk" */;
			productName = FirebaseAnalyticsOnDeviceConversion;
		};
		7D8016B32A830C2C00613A43 /* FirebaseAnalyticsSwift */ = {
			isa = XCSwiftPackageProductDependency;
			package = 7D8016AE2A830C2C00613A43 /* XCRemoteSwiftPackageReference "firebase-ios-sdk" */;
			productName = FirebaseAnalyticsSwift;
		};
		7D8016B52A830C2C00613A43 /* FirebaseAppCheck */ = {
			isa = XCSwiftPackageProductDependency;
			package = 7D8016AE2A830C2C00613A43 /* XCRemoteSwiftPackageReference "firebase-ios-sdk" */;
			productName = FirebaseAppCheck;
		};
		7D8016B72A830C2C00613A43 /* FirebaseAppDistribution-Beta */ = {
			isa = XCSwiftPackageProductDependency;
			package = 7D8016AE2A830C2C00613A43 /* XCRemoteSwiftPackageReference "firebase-ios-sdk" */;
			productName = "FirebaseAppDistribution-Beta";
		};
		7D8016B92A830C2C00613A43 /* FirebaseAuth */ = {
			isa = XCSwiftPackageProductDependency;
			package = 7D8016AE2A830C2C00613A43 /* XCRemoteSwiftPackageReference "firebase-ios-sdk" */;
			productName = FirebaseAuth;
		};
		7D8016BB2A830C2C00613A43 /* FirebaseAuthCombine-Community */ = {
			isa = XCSwiftPackageProductDependency;
			package = 7D8016AE2A830C2C00613A43 /* XCRemoteSwiftPackageReference "firebase-ios-sdk" */;
			productName = "FirebaseAuthCombine-Community";
		};
		7D8016BD2A830C2C00613A43 /* FirebaseCrashlytics */ = {
			isa = XCSwiftPackageProductDependency;
			package = 7D8016AE2A830C2C00613A43 /* XCRemoteSwiftPackageReference "firebase-ios-sdk" */;
			productName = FirebaseCrashlytics;
		};
		7D8016BF2A830C2C00613A43 /* FirebaseDatabase */ = {
			isa = XCSwiftPackageProductDependency;
			package = 7D8016AE2A830C2C00613A43 /* XCRemoteSwiftPackageReference "firebase-ios-sdk" */;
			productName = FirebaseDatabase;
		};
		7D8016C12A830C2C00613A43 /* FirebaseDatabaseSwift */ = {
			isa = XCSwiftPackageProductDependency;
			package = 7D8016AE2A830C2C00613A43 /* XCRemoteSwiftPackageReference "firebase-ios-sdk" */;
			productName = FirebaseDatabaseSwift;
		};
		7D8016C32A830C2C00613A43 /* FirebaseDynamicLinks */ = {
			isa = XCSwiftPackageProductDependency;
			package = 7D8016AE2A830C2C00613A43 /* XCRemoteSwiftPackageReference "firebase-ios-sdk" */;
			productName = FirebaseDynamicLinks;
		};
		7D8016C52A830C2C00613A43 /* FirebaseFirestore */ = {
			isa = XCSwiftPackageProductDependency;
			package = 7D8016AE2A830C2C00613A43 /* XCRemoteSwiftPackageReference "firebase-ios-sdk" */;
			productName = FirebaseFirestore;
		};
		7D8016C72A830C2D00613A43 /* FirebaseFirestoreCombine-Community */ = {
			isa = XCSwiftPackageProductDependency;
			package = 7D8016AE2A830C2C00613A43 /* XCRemoteSwiftPackageReference "firebase-ios-sdk" */;
			productName = "FirebaseFirestoreCombine-Community";
		};
		7D8016C92A830C2D00613A43 /* FirebaseFirestoreSwift */ = {
			isa = XCSwiftPackageProductDependency;
			package = 7D8016AE2A830C2C00613A43 /* XCRemoteSwiftPackageReference "firebase-ios-sdk" */;
			productName = FirebaseFirestoreSwift;
		};
		7D8016CB2A830C2D00613A43 /* FirebaseFunctions */ = {
			isa = XCSwiftPackageProductDependency;
			package = 7D8016AE2A830C2C00613A43 /* XCRemoteSwiftPackageReference "firebase-ios-sdk" */;
			productName = FirebaseFunctions;
		};
		7D8016CD2A830C2D00613A43 /* FirebaseFunctionsCombine-Community */ = {
			isa = XCSwiftPackageProductDependency;
			package = 7D8016AE2A830C2C00613A43 /* XCRemoteSwiftPackageReference "firebase-ios-sdk" */;
			productName = "FirebaseFunctionsCombine-Community";
		};
		7D8016CF2A830C2D00613A43 /* FirebaseInAppMessaging-Beta */ = {
			isa = XCSwiftPackageProductDependency;
			package = 7D8016AE2A830C2C00613A43 /* XCRemoteSwiftPackageReference "firebase-ios-sdk" */;
			productName = "FirebaseInAppMessaging-Beta";
		};
		7D8016D12A830C2D00613A43 /* FirebaseInAppMessagingSwift-Beta */ = {
			isa = XCSwiftPackageProductDependency;
			package = 7D8016AE2A830C2C00613A43 /* XCRemoteSwiftPackageReference "firebase-ios-sdk" */;
			productName = "FirebaseInAppMessagingSwift-Beta";
		};
		7D8016D32A830C2D00613A43 /* FirebaseInstallations */ = {
			isa = XCSwiftPackageProductDependency;
			package = 7D8016AE2A830C2C00613A43 /* XCRemoteSwiftPackageReference "firebase-ios-sdk" */;
			productName = FirebaseInstallations;
		};
		7D8016D52A830C2D00613A43 /* FirebaseMLModelDownloader */ = {
			isa = XCSwiftPackageProductDependency;
			package = 7D8016AE2A830C2C00613A43 /* XCRemoteSwiftPackageReference "firebase-ios-sdk" */;
			productName = FirebaseMLModelDownloader;
		};
		7D8016D72A830C2D00613A43 /* FirebaseMessaging */ = {
			isa = XCSwiftPackageProductDependency;
			package = 7D8016AE2A830C2C00613A43 /* XCRemoteSwiftPackageReference "firebase-ios-sdk" */;
			productName = FirebaseMessaging;
		};
		7D8016D92A830C2D00613A43 /* FirebasePerformance */ = {
			isa = XCSwiftPackageProductDependency;
			package = 7D8016AE2A830C2C00613A43 /* XCRemoteSwiftPackageReference "firebase-ios-sdk" */;
			productName = FirebasePerformance;
		};
		7D8016DB2A830C2D00613A43 /* FirebaseRemoteConfig */ = {
			isa = XCSwiftPackageProductDependency;
			package = 7D8016AE2A830C2C00613A43 /* XCRemoteSwiftPackageReference "firebase-ios-sdk" */;
			productName = FirebaseRemoteConfig;
		};
		7D8016DD2A830C2E00613A43 /* FirebaseRemoteConfigSwift */ = {
			isa = XCSwiftPackageProductDependency;
			package = 7D8016AE2A830C2C00613A43 /* XCRemoteSwiftPackageReference "firebase-ios-sdk" */;
			productName = FirebaseRemoteConfigSwift;
		};
		7D8016DF2A830C2E00613A43 /* FirebaseStorage */ = {
			isa = XCSwiftPackageProductDependency;
			package = 7D8016AE2A830C2C00613A43 /* XCRemoteSwiftPackageReference "firebase-ios-sdk" */;
			productName = FirebaseStorage;
		};
		7D8016E12A830C2E00613A43 /* FirebaseStorageCombine-Community */ = {
			isa = XCSwiftPackageProductDependency;
			package = 7D8016AE2A830C2C00613A43 /* XCRemoteSwiftPackageReference "firebase-ios-sdk" */;
			productName = "FirebaseStorageCombine-Community";
		};
/* End XCSwiftPackageProductDependency section */
	};
	rootObject = 7DDBD8D42A7BE3170058CFFD /* Project object */;
}
